
Microsoft Visual Studio Solution File, Format Version 12.00
# Visual Studio Version 16
VisualStudioVersion = 16.0.32929.386
MinimumVisualStudioVersion = 10.0.40219.1
Project("{9A19103F-16F7-4668-BE54-9A1E7A4F7556}") = "KampIntro", "KampIntro\KampIntro.csproj", "{65E88CD2-5E75-46FF-9AFE-D12D0B09B89D}"
EndProject
Project("{9A19103F-16F7-4668-BE54-9A1E7A4F7556}") = "Donguler", "Donguler\Donguler.csproj", "{B90B0C08-E9D5-4A24-9D10-0696BAA9D6A6}"
EndProject
Project("{9A19103F-16F7-4668-BE54-9A1E7A4F7556}") = "ClassIntro", "ClassIntro\ClassIntro.csproj", "{C84EA2AA-BA74-4DB0-BD0D-23866635CA0F}"
EndProject
Project("{9A19103F-16F7-4668-BE54-9A1E7A4F7556}") = "Metotlar", "metotlar\Metotlar.csproj", "{598E6055-40B6-48E9-873E-F7230EC724C1}"
EndProject
Project("{9A19103F-16F7-4668-BE54-9A1E7A4F7556}") = "Matematik", "Matematik\Matematik.csproj", "{19023FD2-FBCA-4034-9C94-0505BBF8F1F0}"
EndProject
Project("{9A19103F-16F7-4668-BE54-9A1E7A4F7556}") = "DegerVeReferansTipler", "DegerVeReferansTipler\DegerVeReferansTipler.csproj", "{199E893C-D409-4282-8B21-0A954A151776}"
EndProject
Project("{9A19103F-16F7-4668-BE54-9A1E7A4F7556}") = "ClassMetotDemo", "ClassMetotDemo\ClassMetotDemo.csproj", "{9103EF2C-CD00-4DA1-B145-B316D6C6BD99}"
EndProject
Project("{9A19103F-16F7-4668-BE54-9A1E7A4F7556}") = "OOP1", "OOP1\OOP1.csproj", "{B7262AC6-CC5D-43E2-85D1-DFCA98840259}"
EndProject
Project("{9A19103F-16F7-4668-BE54-9A1E7A4F7556}") = "Koleksiyonlar", "Koleksiyonlar\Koleksiyonlar.csproj", "{1F3D0602-0946-4FB9-99C0-D0026218391B}"
EndProject
Project("{9A19103F-16F7-4668-BE54-9A1E7A4F7556}") = "GenericsIntro", "GenericsIntro\GenericsIntro.csproj", "{2B164B88-EF57-46F7-A317-6F113523447D}"
EndProject
Project("{9A19103F-16F7-4668-BE54-9A1E7A4F7556}") = "GenericsWork", "GenericsWork\GenericsWork.csproj", "{84FD6055-1471-4E18-9E53-AA6AF8AA76D3}"
EndProject
Project("{FAE04EC0-301F-11D3-BF4B-00C04F79EFBC}") = "OOP2", "OOP2\OOP2.csproj", "{53875F2D-185E-4528-AC72-1C9BE729F1F4}"
EndProject
Project("{FAE04EC0-301F-11D3-BF4B-00C04F79EFBC}") = "OOP3", "OPP3\OOP3.csproj", "{63A7DBB8-65D8-4D0B-8FB2-66BC1FB86710}"
EndProject
Global
	GlobalSection(SolutionConfigurationPlatforms) = preSolution
		Debug|Any CPU = Debug|Any CPU
		Release|Any CPU = Release|Any CPU
	EndGlobalSection
	GlobalSection(ProjectConfigurationPlatforms) = postSolution
		{65E88CD2-5E75-46FF-9AFE-D12D0B09B89D}.Debug|Any CPU.ActiveCfg = Debug|Any CPU
		{65E88CD2-5E75-46FF-9AFE-D12D0B09B89D}.Debug|Any CPU.Build.0 = Debug|Any CPU
		{65E88CD2-5E75-46FF-9AFE-D12D0B09B89D}.Release|Any CPU.ActiveCfg = Release|Any CPU
		{65E88CD2-5E75-46FF-9AFE-D12D0B09B89D}.Release|Any CPU.Build.0 = Release|Any CPU
		{B90B0C08-E9D5-4A24-9D10-0696BAA9D6A6}.Debug|Any CPU.ActiveCfg = Debug|Any CPU
		{B90B0C08-E9D5-4A24-9D10-0696BAA9D6A6}.Debug|Any CPU.Build.0 = Debug|Any CPU
		{B90B0C08-E9D5-4A24-9D10-0696BAA9D6A6}.Release|Any CPU.ActiveCfg = Release|Any CPU
		{B90B0C08-E9D5-4A24-9D10-0696BAA9D6A6}.Release|Any CPU.Build.0 = Release|Any CPU
		{C84EA2AA-BA74-4DB0-BD0D-23866635CA0F}.Debug|Any CPU.ActiveCfg = Debug|Any CPU
		{C84EA2AA-BA74-4DB0-BD0D-23866635CA0F}.Debug|Any CPU.Build.0 = Debug|Any CPU
		{C84EA2AA-BA74-4DB0-BD0D-23866635CA0F}.Release|Any CPU.ActiveCfg = Release|Any CPU
		{C84EA2AA-BA74-4DB0-BD0D-23866635CA0F}.Release|Any CPU.Build.0 = Release|Any CPU
		{598E6055-40B6-48E9-873E-F7230EC724C1}.Debug|Any CPU.ActiveCfg = Debug|Any CPU
		{598E6055-40B6-48E9-873E-F7230EC724C1}.Debug|Any CPU.Build.0 = Debug|Any CPU
		{598E6055-40B6-48E9-873E-F7230EC724C1}.Release|Any CPU.ActiveCfg = Release|Any CPU
		{598E6055-40B6-48E9-873E-F7230EC724C1}.Release|Any CPU.Build.0 = Release|Any CPU
		{19023FD2-FBCA-4034-9C94-0505BBF8F1F0}.Debug|Any CPU.ActiveCfg = Debug|Any CPU
		{19023FD2-FBCA-4034-9C94-0505BBF8F1F0}.Debug|Any CPU.Build.0 = Debug|Any CPU
		{19023FD2-FBCA-4034-9C94-0505BBF8F1F0}.Release|Any CPU.ActiveCfg = Release|Any CPU
		{19023FD2-FBCA-4034-9C94-0505BBF8F1F0}.Release|Any CPU.Build.0 = Release|Any CPU
		{199E893C-D409-4282-8B21-0A954A151776}.Debug|Any CPU.ActiveCfg = Debug|Any CPU
		{199E893C-D409-4282-8B21-0A954A151776}.Debug|Any CPU.Build.0 = Debug|Any CPU
		{199E893C-D409-4282-8B21-0A954A151776}.Release|Any CPU.ActiveCfg = Release|Any CPU
		{199E893C-D409-4282-8B21-0A954A151776}.Release|Any CPU.Build.0 = Release|Any CPU
		{9103EF2C-CD00-4DA1-B145-B316D6C6BD99}.Debug|Any CPU.ActiveCfg = Debug|Any CPU
		{9103EF2C-CD00-4DA1-B145-B316D6C6BD99}.Debug|Any CPU.Build.0 = Debug|Any CPU
		{9103EF2C-CD00-4DA1-B145-B316D6C6BD99}.Release|Any CPU.ActiveCfg = Release|Any CPU
		{9103EF2C-CD00-4DA1-B145-B316D6C6BD99}.Release|Any CPU.Build.0 = Release|Any CPU
		{B7262AC6-CC5D-43E2-85D1-DFCA98840259}.Debug|Any CPU.ActiveCfg = Debug|Any CPU
		{B7262AC6-CC5D-43E2-85D1-DFCA98840259}.Debug|Any CPU.Build.0 = Debug|Any CPU
		{B7262AC6-CC5D-43E2-85D1-DFCA98840259}.Release|Any CPU.ActiveCfg = Release|Any CPU
		{B7262AC6-CC5D-43E2-85D1-DFCA98840259}.Release|Any CPU.Build.0 = Release|Any CPU
		{1F3D0602-0946-4FB9-99C0-D0026218391B}.Debug|Any CPU.ActiveCfg = Debug|Any CPU
		{1F3D0602-0946-4FB9-99C0-D0026218391B}.Debug|Any CPU.Build.0 = Debug|Any CPU
		{1F3D0602-0946-4FB9-99C0-D0026218391B}.Release|Any CPU.ActiveCfg = Release|Any CPU
		{1F3D0602-0946-4FB9-99C0-D0026218391B}.Release|Any CPU.Build.0 = Release|Any CPU
		{2B164B88-EF57-46F7-A317-6F113523447D}.Debug|Any CPU.ActiveCfg = Debug|Any CPU
		{2B164B88-EF57-46F7-A317-6F113523447D}.Debug|Any CPU.Build.0 = Debug|Any CPU
		{2B164B88-EF57-46F7-A317-6F113523447D}.Release|Any CPU.ActiveCfg = Release|Any CPU
		{2B164B88-EF57-46F7-A317-6F113523447D}.Release|Any CPU.Build.0 = Release|Any CPU
		{84FD6055-1471-4E18-9E53-AA6AF8AA76D3}.Debug|Any CPU.ActiveCfg = Debug|Any CPU
		{84FD6055-1471-4E18-9E53-AA6AF8AA76D3}.Debug|Any CPU.Build.0 = Debug|Any CPU
		{84FD6055-1471-4E18-9E53-AA6AF8AA76D3}.Release|Any CPU.ActiveCfg = Release|Any CPU
		{84FD6055-1471-4E18-9E53-AA6AF8AA76D3}.Release|Any CPU.Build.0 = Release|Any CPU
		{53875F2D-185E-4528-AC72-1C9BE729F1F4}.Debug|Any CPU.ActiveCfg = Debug|Any CPU
		{53875F2D-185E-4528-AC72-1C9BE729F1F4}.Debug|Any CPU.Build.0 = Debug|Any CPU
		{53875F2D-185E-4528-AC72-1C9BE729F1F4}.Release|Any CPU.ActiveCfg = Release|Any CPU
		{53875F2D-185E-4528-AC72-1C9BE729F1F4}.Release|Any CPU.Build.0 = Release|Any CPU
		{63A7DBB8-65D8-4D0B-8FB2-66BC1FB86710}.Debug|Any CPU.ActiveCfg = Debug|Any CPU
		{63A7DBB8-65D8-4D0B-8FB2-66BC1FB86710}.Debug|Any CPU.Build.0 = Debug|Any CPU
		{63A7DBB8-65D8-4D0B-8FB2-66BC1FB86710}.Release|Any CPU.ActiveCfg = Release|Any CPU
		{63A7DBB8-65D8-4D0B-8FB2-66BC1FB86710}.Release|Any CPU.Build.0 = Release|Any CPU
	EndGlobalSection
	GlobalSection(SolutionProperties) = preSolution
		HideSolutionNode = FALSE
	EndGlobalSection
	GlobalSection(ExtensibilityGlobals) = postSolution
		SolutionGuid = {21452678-F25F-44EF-89A4-7016995D22CC}
	EndGlobalSection
EndGlobal
